
Microsoft Visual Studio Solution File, Format Version 12.00
# Visual Studio Version 17
VisualStudioVersion = 17.13.35825.156
MinimumVisualStudioVersion = 10.0.40219.1
Project("{FAE04EC0-301F-11D3-BF4B-00C04F79EFBC}") = "SCHESS", "SCHESS.csproj", "{03767BE3-3983-4A18-84DE-9268FBC95A01}"
EndProject
Project("{2150E333-8FDC-42A3-9474-1A3956D46DE8}") = "0. Tests", "0. Tests", "{02EA681E-C7D8-13C7-8484-4AC65E1B71E8}"
EndProject
Project("{2150E333-8FDC-42A3-9474-1A3956D46DE8}") = "1. Hosts", "1. Hosts", "{244388E7-7D74-4C42-B27A-3A4E6D366730}"
EndProject
Project("{2150E333-8FDC-42A3-9474-1A3956D46DE8}") = "2. Infrastructure", "2. Infrastructure", "{1669B51C-DFED-48FF-AE3F-0D0CC9C05326}"
EndProject
Project("{2150E333-8FDC-42A3-9474-1A3956D46DE8}") = "3. Shared", "3. Shared", "{DDEAC5D1-C1D9-42E8-AE84-77C0C5E56364}"
EndProject
Project("{FAE04EC0-301F-11D3-BF4B-00C04F79EFBC}") = "SCHESS.Persistence", "..\SCHESS.Persistence\SCHESS.Persistence.csproj", "{84C7B8BB-77F0-4369-A2BD-683CC562B283}"
EndProject
Project("{FAE04EC0-301F-11D3-BF4B-00C04F79EFBC}") = "SCHESS.Domain", "..\SCHESS.Domain\SCHESS.Domain.csproj", "{6F405D7D-7C59-4D29-B649-0BC25E28F762}"
EndProject
Project("{FAE04EC0-301F-11D3-BF4B-00C04F79EFBC}") = "SCHESS.Infrastructure", "..\SCHESS.Infrastructure\SCHESS.Infrastructure.csproj", "{736B9D79-DFC0-43C5-B46E-310F4EE78895}"
EndProject
Project("{FAE04EC0-301F-11D3-BF4B-00C04F79EFBC}") = "SCHESS.Application", "..\SCHESS.Application\SCHESS.Application.csproj", "{E086B6DD-310B-44DB-88C7-3EA1EDA193E0}"
EndProject
Project("{FAE04EC0-301F-11D3-BF4B-00C04F79EFBC}") = "SCHESS.Models", "..\SCHESS.Models\SCHESS.Models.csproj", "{D0C27B29-EFD5-4F0E-A06E-D251F58D8FD8}"
EndProject
Project("{FAE04EC0-301F-11D3-BF4B-00C04F79EFBC}") = "SCHESS.CrossCuttingConcerns", "..\SCHESS.CrossCuttingConcerns\SCHESS.CrossCuttingConcerns.csproj", "{734E22C5-E7E5-473A-8545-13C24A495A58}"
EndProject
Global
	GlobalSection(SolutionConfigurationPlatforms) = preSolution
		Debug|Any CPU = Debug|Any CPU
		Release|Any CPU = Release|Any CPU
	EndGlobalSection
	GlobalSection(ProjectConfigurationPlatforms) = postSolution
		{03767BE3-3983-4A18-84DE-9268FBC95A01}.Debug|Any CPU.ActiveCfg = Debug|Any CPU
		{03767BE3-3983-4A18-84DE-9268FBC95A01}.Debug|Any CPU.Build.0 = Debug|Any CPU
		{03767BE3-3983-4A18-84DE-9268FBC95A01}.Release|Any CPU.ActiveCfg = Release|Any CPU
		{03767BE3-3983-4A18-84DE-9268FBC95A01}.Release|Any CPU.Build.0 = Release|Any CPU
		{84C7B8BB-77F0-4369-A2BD-683CC562B283}.Debug|Any CPU.ActiveCfg = Debug|Any CPU
		{84C7B8BB-77F0-4369-A2BD-683CC562B283}.Debug|Any CPU.Build.0 = Debug|Any CPU
		{84C7B8BB-77F0-4369-A2BD-683CC562B283}.Release|Any CPU.ActiveCfg = Release|Any CPU
		{84C7B8BB-77F0-4369-A2BD-683CC562B283}.Release|Any CPU.Build.0 = Release|Any CPU
		{6F405D7D-7C59-4D29-B649-0BC25E28F762}.Debug|Any CPU.ActiveCfg = Debug|Any CPU
		{6F405D7D-7C59-4D29-B649-0BC25E28F762}.Debug|Any CPU.Build.0 = Debug|Any CPU
		{6F405D7D-7C59-4D29-B649-0BC25E28F762}.Release|Any CPU.ActiveCfg = Release|Any CPU
		{6F405D7D-7C59-4D29-B649-0BC25E28F762}.Release|Any CPU.Build.0 = Release|Any CPU
		{736B9D79-DFC0-43C5-B46E-310F4EE78895}.Debug|Any CPU.ActiveCfg = Debug|Any CPU
		{736B9D79-DFC0-43C5-B46E-310F4EE78895}.Debug|Any CPU.Build.0 = Debug|Any CPU
		{736B9D79-DFC0-43C5-B46E-310F4EE78895}.Release|Any CPU.ActiveCfg = Release|Any CPU
		{736B9D79-DFC0-43C5-B46E-310F4EE78895}.Release|Any CPU.Build.0 = Release|Any CPU
		{E086B6DD-310B-44DB-88C7-3EA1EDA193E0}.Debug|Any CPU.ActiveCfg = Debug|Any CPU
		{E086B6DD-310B-44DB-88C7-3EA1EDA193E0}.Debug|Any CPU.Build.0 = Debug|Any CPU
		{E086B6DD-310B-44DB-88C7-3EA1EDA193E0}.Release|Any CPU.ActiveCfg = Release|Any CPU
		{E086B6DD-310B-44DB-88C7-3EA1EDA193E0}.Release|Any CPU.Build.0 = Release|Any CPU
		{D0C27B29-EFD5-4F0E-A06E-D251F58D8FD8}.Debug|Any CPU.ActiveCfg = Debug|Any CPU
		{D0C27B29-EFD5-4F0E-A06E-D251F58D8FD8}.Debug|Any CPU.Build.0 = Debug|Any CPU
		{D0C27B29-EFD5-4F0E-A06E-D251F58D8FD8}.Release|Any CPU.ActiveCfg = Release|Any CPU
		{D0C27B29-EFD5-4F0E-A06E-D251F58D8FD8}.Release|Any CPU.Build.0 = Release|Any CPU
		{734E22C5-E7E5-473A-8545-13C24A495A58}.Debug|Any CPU.ActiveCfg = Debug|Any CPU
		{734E22C5-E7E5-473A-8545-13C24A495A58}.Debug|Any CPU.Build.0 = Debug|Any CPU
		{734E22C5-E7E5-473A-8545-13C24A495A58}.Release|Any CPU.ActiveCfg = Release|Any CPU
		{734E22C5-E7E5-473A-8545-13C24A495A58}.Release|Any CPU.Build.0 = Release|Any CPU
	EndGlobalSection
	GlobalSection(SolutionProperties) = preSolution
		HideSolutionNode = FALSE
	EndGlobalSection
	GlobalSection(NestedProjects) = preSolution
		{03767BE3-3983-4A18-84DE-9268FBC95A01} = {244388E7-7D74-4C42-B27A-3A4E6D366730}
		{84C7B8BB-77F0-4369-A2BD-683CC562B283} = {1669B51C-DFED-48FF-AE3F-0D0CC9C05326}
		{6F405D7D-7C59-4D29-B649-0BC25E28F762} = {1669B51C-DFED-48FF-AE3F-0D0CC9C05326}
		{736B9D79-DFC0-43C5-B46E-310F4EE78895} = {1669B51C-DFED-48FF-AE3F-0D0CC9C05326}
		{E086B6DD-310B-44DB-88C7-3EA1EDA193E0} = {1669B51C-DFED-48FF-AE3F-0D0CC9C05326}
		{D0C27B29-EFD5-4F0E-A06E-D251F58D8FD8} = {1669B51C-DFED-48FF-AE3F-0D0CC9C05326}
		{734E22C5-E7E5-473A-8545-13C24A495A58} = {DDEAC5D1-C1D9-42E8-AE84-77C0C5E56364}
	EndGlobalSection
	GlobalSection(ExtensibilityGlobals) = postSolution
		SolutionGuid = {35068A45-C0BE-421F-B619-93BC46A6B861}
	EndGlobalSection
EndGlobal
